
Microsoft Visual Studio Solution File, Format Version 12.00
# Visual Studio Version 16
VisualStudioVersion = 16.0.29306.81
MinimumVisualStudioVersion = 10.0.40219.1
Project("{FAE04EC0-301F-11D3-BF4B-00C04F79EFBC}") = "CardLayout.API", "CardLayout.API\CardLayout.API.csproj", "{005B07B5-2994-4AFF-9D43-FA3679DEEAB7}"
EndProject
Global
	GlobalSection(SolutionConfigurationPlatforms) = preSolution
		Debug|Any CPU = Debug|Any CPU
		Release|Any CPU = Release|Any CPU
	EndGlobalSection
	GlobalSection(ProjectConfigurationPlatforms) = postSolution
		{005B07B5-2994-4AFF-9D43-FA3679DEEAB7}.Debug|Any CPU.ActiveCfg = Debug|Any CPU
		{005B07B5-2994-4AFF-9D43-FA3679DEEAB7}.Debug|Any CPU.Build.0 = Debug|Any CPU
		{005B07B5-2994-4AFF-9D43-FA3679DEEAB7}.Release|Any CPU.ActiveCfg = Release|Any CPU
		{005B07B5-2994-4AFF-9D43-FA3679DEEAB7}.Release|Any CPU.Build.0 = Release|Any CPU
	EndGlobalSection
	GlobalSection(SolutionProperties) = preSolution
		HideSolutionNode = FALSE
	EndGlobalSection
	GlobalSection(ExtensibilityGlobals) = postSolution
		SolutionGuid = {1F448589-100C-4829-B0A7-486199518BE5}
	EndGlobalSection
EndGlobal
